
Microsoft Visual Studio Solution File, Format Version 12.00
# Visual Studio Version 17
VisualStudioVersion = 17.4.33213.308
MinimumVisualStudioVersion = 10.0.40219.1
Project("{8BC9CEB8-8B4A-11D0-8D11-00A0C91BC942}") = "zahlen_spielen_c++", "zahlen_spielen_c++\zahlen_spielen_c++.vcxproj", "{DA05C823-9D65-4267-A5E9-7F0194F5CE29}"
EndProject
Global
	GlobalSection(SolutionConfigurationPlatforms) = preSolution
		Debug|x64 = Debug|x64
		Debug|x86 = Debug|x86
		Release|x64 = Release|x64
		Release|x86 = Release|x86
	EndGlobalSection
	GlobalSection(ProjectConfigurationPlatforms) = postSolution
		{DA05C823-9D65-4267-A5E9-7F0194F5CE29}.Debug|x64.ActiveCfg = Debug|x64
		{DA05C823-9D65-4267-A5E9-7F0194F5CE29}.Debug|x64.Build.0 = Debug|x64
		{DA05C823-9D65-4267-A5E9-7F0194F5CE29}.Debug|x86.ActiveCfg = Debug|Win32
		{DA05C823-9D65-4267-A5E9-7F0194F5CE29}.Debug|x86.Build.0 = Debug|Win32
		{DA05C823-9D65-4267-A5E9-7F0194F5CE29}.Release|x64.ActiveCfg = Release|x64
		{DA05C823-9D65-4267-A5E9-7F0194F5CE29}.Release|x64.Build.0 = Release|x64
		{DA05C823-9D65-4267-A5E9-7F0194F5CE29}.Release|x86.ActiveCfg = Release|Win32
		{DA05C823-9D65-4267-A5E9-7F0194F5CE29}.Release|x86.Build.0 = Release|Win32
	EndGlobalSection
	GlobalSection(SolutionProperties) = preSolution
		HideSolutionNode = FALSE
	EndGlobalSection
	GlobalSection(ExtensibilityGlobals) = postSolution
		SolutionGuid = {105B8914-E67C-4FCE-86BD-C4E9A974CD00}
	EndGlobalSection
EndGlobal
